
Microsoft Visual Studio Solution File, Format Version 12.00
# Visual Studio Version 17
VisualStudioVersion = 17.8.34525.116
MinimumVisualStudioVersion = 10.0.40219.1
Project("{FAE04EC0-301F-11D3-BF4B-00C04F79EFBC}") = "PersonalApi", "PersonalApi\PersonalApi.csproj", "{038163DB-9EA0-4075-8700-0FAB2EDEC927}"
EndProject
Global
	GlobalSection(SolutionConfigurationPlatforms) = preSolution
		Debug|Any CPU = Debug|Any CPU
		Release|Any CPU = Release|Any CPU
	EndGlobalSection
	GlobalSection(ProjectConfigurationPlatforms) = postSolution
		{038163DB-9EA0-4075-8700-0FAB2EDEC927}.Debug|Any CPU.ActiveCfg = Debug|Any CPU
		{038163DB-9EA0-4075-8700-0FAB2EDEC927}.Debug|Any CPU.Build.0 = Debug|Any CPU
		{038163DB-9EA0-4075-8700-0FAB2EDEC927}.Release|Any CPU.ActiveCfg = Release|Any CPU
		{038163DB-9EA0-4075-8700-0FAB2EDEC927}.Release|Any CPU.Build.0 = Release|Any CPU
	EndGlobalSection
	GlobalSection(SolutionProperties) = preSolution
		HideSolutionNode = FALSE
	EndGlobalSection
	GlobalSection(ExtensibilityGlobals) = postSolution
		SolutionGuid = {00E5FE3F-98C9-405C-88B6-19EBCE89929F}
	EndGlobalSection
EndGlobal
